
Microsoft Visual Studio Solution File, Format Version 12.00
# Visual Studio Version 16
VisualStudioVersion = 16.0.30717.126
MinimumVisualStudioVersion = 10.0.40219.1
Project("{9A19103F-16F7-4668-BE54-9A1E7A4F7556}") = "Data", "Data\Data.csproj", "{C8CCB4BF-77FC-45EC-94D9-742302C6D35A}"
EndProject
Project("{9A19103F-16F7-4668-BE54-9A1E7A4F7556}") = "Controller", "Controller\Controller.csproj", "{576D13CE-9E9E-4542-A7A6-9A68227C4E85}"
EndProject
Project("{9A19103F-16F7-4668-BE54-9A1E7A4F7556}") = "AppService", "AppService\AppService.csproj", "{A1DE8A31-BC4E-446B-B82C-841794C6A0B1}"
	ProjectSection(ProjectDependencies) = postProject
		{576D13CE-9E9E-4542-A7A6-9A68227C4E85} = {576D13CE-9E9E-4542-A7A6-9A68227C4E85}
	EndProjectSection
EndProject
Project("{9A19103F-16F7-4668-BE54-9A1E7A4F7556}") = "Test", "Test\Test.csproj", "{CF430250-7B4E-4C27-8C0F-81A5EEE20D97}"
EndProject
Project("{9A19103F-16F7-4668-BE54-9A1E7A4F7556}") = "Model", "Model\Model.csproj", "{45740951-02CB-41D8-9BB3-CE371F57EA29}"
EndProject
Project("{9A19103F-16F7-4668-BE54-9A1E7A4F7556}") = "Security", "Security\Security.csproj", "{F74258A9-8672-40FA-8CB8-203E1997D621}"
EndProject
Project("{9A19103F-16F7-4668-BE54-9A1E7A4F7556}") = "Host", "Host\Host.csproj", "{7FE76703-2B27-4ADD-B93F-F0980C7D933B}"
EndProject
Global
	GlobalSection(SolutionConfigurationPlatforms) = preSolution
		Debug|Any CPU = Debug|Any CPU
		Release|Any CPU = Release|Any CPU
	EndGlobalSection
	GlobalSection(ProjectConfigurationPlatforms) = postSolution
		{C8CCB4BF-77FC-45EC-94D9-742302C6D35A}.Debug|Any CPU.ActiveCfg = Debug|Any CPU
		{C8CCB4BF-77FC-45EC-94D9-742302C6D35A}.Debug|Any CPU.Build.0 = Debug|Any CPU
		{C8CCB4BF-77FC-45EC-94D9-742302C6D35A}.Release|Any CPU.ActiveCfg = Release|Any CPU
		{C8CCB4BF-77FC-45EC-94D9-742302C6D35A}.Release|Any CPU.Build.0 = Release|Any CPU
		{576D13CE-9E9E-4542-A7A6-9A68227C4E85}.Debug|Any CPU.ActiveCfg = Debug|Any CPU
		{576D13CE-9E9E-4542-A7A6-9A68227C4E85}.Debug|Any CPU.Build.0 = Debug|Any CPU
		{576D13CE-9E9E-4542-A7A6-9A68227C4E85}.Release|Any CPU.ActiveCfg = Release|Any CPU
		{576D13CE-9E9E-4542-A7A6-9A68227C4E85}.Release|Any CPU.Build.0 = Release|Any CPU
		{A1DE8A31-BC4E-446B-B82C-841794C6A0B1}.Debug|Any CPU.ActiveCfg = Debug|Any CPU
		{A1DE8A31-BC4E-446B-B82C-841794C6A0B1}.Debug|Any CPU.Build.0 = Debug|Any CPU
		{A1DE8A31-BC4E-446B-B82C-841794C6A0B1}.Release|Any CPU.ActiveCfg = Release|Any CPU
		{A1DE8A31-BC4E-446B-B82C-841794C6A0B1}.Release|Any CPU.Build.0 = Release|Any CPU
		{CF430250-7B4E-4C27-8C0F-81A5EEE20D97}.Debug|Any CPU.ActiveCfg = Debug|Any CPU
		{CF430250-7B4E-4C27-8C0F-81A5EEE20D97}.Debug|Any CPU.Build.0 = Debug|Any CPU
		{CF430250-7B4E-4C27-8C0F-81A5EEE20D97}.Release|Any CPU.ActiveCfg = Release|Any CPU
		{CF430250-7B4E-4C27-8C0F-81A5EEE20D97}.Release|Any CPU.Build.0 = Release|Any CPU
		{45740951-02CB-41D8-9BB3-CE371F57EA29}.Debug|Any CPU.ActiveCfg = Debug|Any CPU
		{45740951-02CB-41D8-9BB3-CE371F57EA29}.Debug|Any CPU.Build.0 = Debug|Any CPU
		{45740951-02CB-41D8-9BB3-CE371F57EA29}.Release|Any CPU.ActiveCfg = Release|Any CPU
		{45740951-02CB-41D8-9BB3-CE371F57EA29}.Release|Any CPU.Build.0 = Release|Any CPU
		{F74258A9-8672-40FA-8CB8-203E1997D621}.Debug|Any CPU.ActiveCfg = Debug|Any CPU
		{F74258A9-8672-40FA-8CB8-203E1997D621}.Debug|Any CPU.Build.0 = Debug|Any CPU
		{F74258A9-8672-40FA-8CB8-203E1997D621}.Release|Any CPU.ActiveCfg = Release|Any CPU
		{F74258A9-8672-40FA-8CB8-203E1997D621}.Release|Any CPU.Build.0 = Release|Any CPU
		{7FE76703-2B27-4ADD-B93F-F0980C7D933B}.Debug|Any CPU.ActiveCfg = Debug|Any CPU
		{7FE76703-2B27-4ADD-B93F-F0980C7D933B}.Debug|Any CPU.Build.0 = Debug|Any CPU
		{7FE76703-2B27-4ADD-B93F-F0980C7D933B}.Release|Any CPU.ActiveCfg = Release|Any CPU
		{7FE76703-2B27-4ADD-B93F-F0980C7D933B}.Release|Any CPU.Build.0 = Release|Any CPU
	EndGlobalSection
	GlobalSection(SolutionProperties) = preSolution
		HideSolutionNode = FALSE
	EndGlobalSection
	GlobalSection(ExtensibilityGlobals) = postSolution
		SolutionGuid = {DE707DB6-7B4A-4DE8-A355-52EC6553FB94}
	EndGlobalSection
EndGlobal
